
Microsoft Visual Studio Solution File, Format Version 12.00
# Visual Studio 15
VisualStudioVersion = 15.0.26430.13
MinimumVisualStudioVersion = 10.0.40219.1
Project("{FAE04EC0-301F-11D3-BF4B-00C04F79EFBC}") = "Ratcow.DynamicInterface", "Ratcow.DynamicInterface\Ratcow.DynamicInterface.csproj", "{97014619-E77A-4895-9DE1-E627177B2E35}"
EndProject
Project("{FAE04EC0-301F-11D3-BF4B-00C04F79EFBC}") = "Ratcow.DynamicInterface.Tests", "Ratcow.DynamicInterface.Tests\Ratcow.DynamicInterface.Tests.csproj", "{474EDCB4-6B97-42B0-8145-622E8F545590}"
EndProject
Project("{2150E333-8FDC-42A3-9474-1A3956D46DE8}") = "Other Files", "Other Files", "{F4502423-FF4A-428E-A665-40CB095967B2}"
	ProjectSection(SolutionItems) = preProject
		README.md = README.md
		Directory.Packages.props = Directory.Packages.props
		nuget.config = nuget.config
	EndProjectSection
EndProject
Project("{FAE04EC0-301F-11D3-BF4B-00C04F79EFBC}") = "ModelImplementation", "ModelImplementation\ModelImplementation.csproj", "{EE321B13-842A-410F-B2E8-E168FE8EBAE0}"
EndProject
Global
	GlobalSection(SolutionConfigurationPlatforms) = preSolution
		Debug|Any CPU = Debug|Any CPU
		Release|Any CPU = Release|Any CPU
	EndGlobalSection
	GlobalSection(ProjectConfigurationPlatforms) = postSolution
		{97014619-E77A-4895-9DE1-E627177B2E35}.Debug|Any CPU.ActiveCfg = Debug|Any CPU
		{97014619-E77A-4895-9DE1-E627177B2E35}.Debug|Any CPU.Build.0 = Debug|Any CPU
		{97014619-E77A-4895-9DE1-E627177B2E35}.Release|Any CPU.ActiveCfg = Release|Any CPU
		{97014619-E77A-4895-9DE1-E627177B2E35}.Release|Any CPU.Build.0 = Release|Any CPU
		{474EDCB4-6B97-42B0-8145-622E8F545590}.Debug|Any CPU.ActiveCfg = Debug|Any CPU
		{474EDCB4-6B97-42B0-8145-622E8F545590}.Debug|Any CPU.Build.0 = Debug|Any CPU
		{474EDCB4-6B97-42B0-8145-622E8F545590}.Release|Any CPU.ActiveCfg = Release|Any CPU
		{474EDCB4-6B97-42B0-8145-622E8F545590}.Release|Any CPU.Build.0 = Release|Any CPU
		{EE321B13-842A-410F-B2E8-E168FE8EBAE0}.Debug|Any CPU.ActiveCfg = Debug|Any CPU
		{EE321B13-842A-410F-B2E8-E168FE8EBAE0}.Debug|Any CPU.Build.0 = Debug|Any CPU
		{EE321B13-842A-410F-B2E8-E168FE8EBAE0}.Release|Any CPU.ActiveCfg = Release|Any CPU
		{EE321B13-842A-410F-B2E8-E168FE8EBAE0}.Release|Any CPU.Build.0 = Release|Any CPU
	EndGlobalSection
	GlobalSection(SolutionProperties) = preSolution
		HideSolutionNode = FALSE
	EndGlobalSection
EndGlobal
